Microsoft Visual Studio Solution File, Format Version 11.00
# Visual Studio 2008

Project("{93C66025-53F1-02B7-4000-1C3A021C66DE}") = "TESUnity", "Assembly-CSharp-firstpass.csproj", "{550D557B-51D4-1DE5-1460-ACAC542F934F}"
EndProject
Project("{93C66025-53F1-02B7-4000-1C3A021C66DE}") = "TESUnity", "Assembly-CSharp.csproj", "{577C868D-04F2-0488-4137-BA9BC19857A7}"
EndProject
Project("{93C66025-53F1-02B7-4000-1C3A021C66DE}") = "TESUnity", "Assembly-CSharp-Editor.csproj", "{FE93A87B-2953-F1A0-C5F6-8AAFC367CBB7}"
EndProject
Global
	GlobalSection(SolutionConfigurationPlatforms) = preSolution
		Debug|Any CPU = Debug|Any CPU
		Release|Any CPU = Release|Any CPU
	EndGlobalSection
	GlobalSection(ProjectConfigurationPlatforms) = postSolution
		{550D557B-51D4-1DE5-1460-ACAC542F934F}.Debug|Any CPU.ActiveCfg = Debug|Any CPU
		{550D557B-51D4-1DE5-1460-ACAC542F934F}.Debug|Any CPU.Build.0 = Debug|Any CPU
		{550D557B-51D4-1DE5-1460-ACAC542F934F}.Release|Any CPU.ActiveCfg = Release|Any CPU
		{550D557B-51D4-1DE5-1460-ACAC542F934F}.Release|Any CPU.Build.0 = Release|Any CPU
		{577C868D-04F2-0488-4137-BA9BC19857A7}.Debug|Any CPU.ActiveCfg = Debug|Any CPU
		{577C868D-04F2-0488-4137-BA9BC19857A7}.Debug|Any CPU.Build.0 = Debug|Any CPU
		{577C868D-04F2-0488-4137-BA9BC19857A7}.Release|Any CPU.ActiveCfg = Release|Any CPU
		{577C868D-04F2-0488-4137-BA9BC19857A7}.Release|Any CPU.Build.0 = Release|Any CPU
		{FE93A87B-2953-F1A0-C5F6-8AAFC367CBB7}.Debug|Any CPU.ActiveCfg = Debug|Any CPU
		{FE93A87B-2953-F1A0-C5F6-8AAFC367CBB7}.Debug|Any CPU.Build.0 = Debug|Any CPU
		{FE93A87B-2953-F1A0-C5F6-8AAFC367CBB7}.Release|Any CPU.ActiveCfg = Release|Any CPU
		{FE93A87B-2953-F1A0-C5F6-8AAFC367CBB7}.Release|Any CPU.Build.0 = Release|Any CPU
	EndGlobalSection
	GlobalSection(SolutionProperties) = preSolution
		HideSolutionNode = FALSE
	EndGlobalSection
	GlobalSection(MonoDevelopProperties) = preSolution
		StartupItem = Assembly-CSharp.csproj
	EndGlobalSection
EndGlobal
